
Microsoft Visual Studio Solution File, Format Version 12.00
# Visual Studio Version 17
VisualStudioVersion = 17.3.32929.385
MinimumVisualStudioVersion = 10.0.40219.1
Project("{FAE04EC0-301F-11D3-BF4B-00C04F79EFBC}") = "DoListApp", "DoListApp\DoListApp.csproj", "{D282415B-E21B-4F46-82EC-07D33C98E53B}"
EndProject
Project("{2150E333-8FDC-42A3-9474-1A3956D46DE8}") = "DAL", "DAL", "{2501CE5B-20E4-4EB7-9A92-0480E6AA5942}"
EndProject
Project("{FAE04EC0-301F-11D3-BF4B-00C04F79EFBC}") = "DoListApp.DAL", "DoListApp.DAL\DoListApp.DAL.csproj", "{4643ECB0-7BA8-496A-B2AF-0D3F8093657D}"
EndProject
Global
	GlobalSection(SolutionConfigurationPlatforms) = preSolution
		Debug|Any CPU = Debug|Any CPU
		Release|Any CPU = Release|Any CPU
	EndGlobalSection
	GlobalSection(ProjectConfigurationPlatforms) = postSolution
		{D282415B-E21B-4F46-82EC-07D33C98E53B}.Debug|Any CPU.ActiveCfg = Debug|Any CPU
		{D282415B-E21B-4F46-82EC-07D33C98E53B}.Debug|Any CPU.Build.0 = Debug|Any CPU
		{D282415B-E21B-4F46-82EC-07D33C98E53B}.Release|Any CPU.ActiveCfg = Release|Any CPU
		{D282415B-E21B-4F46-82EC-07D33C98E53B}.Release|Any CPU.Build.0 = Release|Any CPU
		{4643ECB0-7BA8-496A-B2AF-0D3F8093657D}.Debug|Any CPU.ActiveCfg = Debug|Any CPU
		{4643ECB0-7BA8-496A-B2AF-0D3F8093657D}.Debug|Any CPU.Build.0 = Debug|Any CPU
		{4643ECB0-7BA8-496A-B2AF-0D3F8093657D}.Release|Any CPU.ActiveCfg = Release|Any CPU
		{4643ECB0-7BA8-496A-B2AF-0D3F8093657D}.Release|Any CPU.Build.0 = Release|Any CPU
	EndGlobalSection
	GlobalSection(SolutionProperties) = preSolution
		HideSolutionNode = FALSE
	EndGlobalSection
	GlobalSection(NestedProjects) = preSolution
		{4643ECB0-7BA8-496A-B2AF-0D3F8093657D} = {2501CE5B-20E4-4EB7-9A92-0480E6AA5942}
	EndGlobalSection
	GlobalSection(ExtensibilityGlobals) = postSolution
		SolutionGuid = {71384CDA-4771-4D64-895C-2D3E19F9065B}
	EndGlobalSection
EndGlobal
